
Microsoft Visual Studio Solution File, Format Version 12.00
# Visual Studio Version 16
VisualStudioVersion = 16.0.30309.148
MinimumVisualStudioVersion = 10.0.40219.1
Project("{FAE04EC0-301F-11D3-BF4B-00C04F79EFBC}") = "ER_DM", "ER_DM\ER_DM.csproj", "{FDF625FE-3310-42BF-8C72-7C1093BC88D6}"
EndProject
Global
	GlobalSection(SolutionConfigurationPlatforms) = preSolution
		Debug|Any CPU = Debug|Any CPU
		Release|Any CPU = Release|Any CPU
	EndGlobalSection
	GlobalSection(ProjectConfigurationPlatforms) = postSolution
		{FDF625FE-3310-42BF-8C72-7C1093BC88D6}.Debug|Any CPU.ActiveCfg = Debug|Any CPU
		{FDF625FE-3310-42BF-8C72-7C1093BC88D6}.Debug|Any CPU.Build.0 = Debug|Any CPU
		{FDF625FE-3310-42BF-8C72-7C1093BC88D6}.Release|Any CPU.ActiveCfg = Release|Any CPU
		{FDF625FE-3310-42BF-8C72-7C1093BC88D6}.Release|Any CPU.Build.0 = Release|Any CPU
	EndGlobalSection
	GlobalSection(SolutionProperties) = preSolution
		HideSolutionNode = FALSE
	EndGlobalSection
	GlobalSection(ExtensibilityGlobals) = postSolution
		SolutionGuid = {5A120071-E68A-491F-B084-E70ACE71B395}
	EndGlobalSection
EndGlobal
